{
  "version": "2",
  "remote": {
    "https://deno.land/std@0.129.0/fmt/colors.ts": "30455035d6d728394781c10755351742dd731e3db6771b1843f9b9e490104d37",
    "https://deno.land/std@0.129.0/testing/_diff.ts": "9d849cd6877694152e01775b2d93f9d6b7aef7e24bfe3bfafc4d7a1ac8e9f392",
    "https://deno.land/std@0.129.0/testing/asserts.ts": "0a95d9e8076dd3e7f0eeb605a67c148078b4b11f4abcd5eef115b0361b0736a2",
    "https://deno.land/std@0.177.0/_util/asserts.ts": "178dfc49a464aee693a7e285567b3d0b555dc805ff490505a8aae34f9cfb1462",
    "https://deno.land/std@0.177.0/_util/os.ts": "d932f56d41e4f6a6093d56044e29ce637f8dcc43c5a90af43504a889cf1775e3",
    "https://deno.land/std@0.177.0/bytes/index_of_needle.ts": "65c939607df609374c4415598fa4dad04a2f14c4d98cd15775216f0aaf597f24",
    "https://deno.land/std@0.177.0/encoding/base64.ts": "7de04c2f8aeeb41453b09b186480be90f2ff357613b988e99fabb91d2eeceba1",
    "https://deno.land/std@0.177.0/encoding/base64url.ts": "3f1178f6446834457b16bfde8b559c1cd3481727fe384d3385e4a9995dc2d851",
    "https://deno.land/std@0.177.0/node/_core.ts": "9a58c0ef98ee77e9b8fcc405511d1b37a003a705eb6a9b6e95f75434d8009adc",
    "https://deno.land/std@0.177.0/node/_utils.ts": "7fd55872a0cf9275e3c080a60e2fa6d45b8de9e956ebcde9053e72a344185884",
    "https://deno.land/std@0.177.0/node/buffer.ts": "85617be2063eccaf177dbb84c7580d1e32023724ed14bd9df4e453b152a26167",
    "https://deno.land/std@0.177.0/node/internal/buffer.d.ts": "bdfa991cd88cb02fd08bf8235d2618550e3e511c970b2a8f2e1a6885a2793cac",
    "https://deno.land/std@0.177.0/node/internal/buffer.mjs": "e92303a3cc6d9aaabcd270a937ad9319825d9ba08cb332650944df4562029b27",
    "https://deno.land/std@0.177.0/node/internal/crypto/_keys.ts": "8f3c3b5a141aa0331a53c205e9338655f1b3b307a08085fd6ff6dda6f7c4190b",
    "https://deno.land/std@0.177.0/node/internal/crypto/constants.ts": "544d605703053218499b08214f2e25cf4310651d535b7ab995891c4b7a217693",
    "https://deno.land/std@0.177.0/node/internal/error_codes.ts": "8495e33f448a484518d76fa3d41d34fc20fe03c14b30130ad8e936b0035d4b8b",
    "https://deno.land/std@0.177.0/node/internal/errors.ts": "1c699b8a3cb93174f697a348c004b1c6d576b66688eac8a48ebb78e65c720aae",
    "https://deno.land/std@0.177.0/node/internal/hide_stack_frames.ts": "9dd1bad0a6e62a1042ce3a51eb1b1ecee2f246907bff44835f86e8f021de679a",
    "https://deno.land/std@0.177.0/node/internal/normalize_encoding.mjs": "fd1d9df61c44d7196432f6e8244621468715131d18cc79cd299fc78ac549f707",
    "https://deno.land/std@0.177.0/node/internal/primordials.mjs": "a72d86b5aa55d3d50b8e916b6a59b7cc0dc5a31da8937114b4a113ad5aa08c74",
    "https://deno.land/std@0.177.0/node/internal/util.mjs": "f7fe2e1ca5e66f550ad0856b9f5ee4d666f0c071fe212ea7fc7f37cfa81f97a5",
    "https://deno.land/std@0.177.0/node/internal/util/inspect.mjs": "11d7c9cab514b8e485acc3978c74b837263ff9c08ae4537fa18ad56bae633259",
    "https://deno.land/std@0.177.0/node/internal/util/types.ts": "0e587b44ec5e017cf228589fc5ce9983b75beece6c39409c34170cfad49d6417",
    "https://deno.land/std@0.177.0/node/internal/validators.mjs": "e02f2b02dd072a5d623970292588d541204dc82207b4c58985d933a5f4b382e6",
    "https://deno.land/std@0.177.0/node/internal_binding/_libuv_winerror.ts": "30c9569603d4b97a1f1a034d88a3f74800d5ea1f12fcc3d225c9899d4e1a518b",
    "https://deno.land/std@0.177.0/node/internal_binding/_node.ts": "cb2389b0eab121df99853eb6a5e3a684e4537e065fb8bf2cca0cbf219ce4e32e",
    "https://deno.land/std@0.177.0/node/internal_binding/_utils.ts": "7c58a2fbb031a204dee9583ba211cf9c67922112fe77e7f0b3226112469e9fe1",
    "https://deno.land/std@0.177.0/node/internal_binding/_winerror.ts": "3e8cfdfe22e89f13d2b28529bab35155e6b1730c0221ec5a6fc7077dc037be13",
    "https://deno.land/std@0.177.0/node/internal_binding/buffer.ts": "31729e0537921d6c730ad0afea44a7e8a0a1044d070ade8368226cb6f7390c8b",
    "https://deno.land/std@0.177.0/node/internal_binding/constants.ts": "21ff9d1ee71d0a2086541083a7711842fc6ae25e264dbf45c73815aadce06f4c",
    "https://deno.land/std@0.177.0/node/internal_binding/string_decoder.ts": "54c3c1cbd5a9254881be58bf22637965dc69535483014dab60487e299cb95445",
    "https://deno.land/std@0.177.0/node/internal_binding/types.ts": "2187595a58d2cf0134f4db6cc2a12bf777f452f52b15b6c3aed73fa072aa5fc3",
    "https://deno.land/std@0.177.0/node/internal_binding/util.ts": "808ff3b92740284184ab824adfc420e75398c88c8bccf5111f0c24ac18c48f10",
    "https://deno.land/std@0.177.0/node/internal_binding/uv.ts": "eb0048e30af4db407fb3f95563e30d70efd6187051c033713b0a5b768593a3a3",
    "https://esm.sh/cheerio@1.0.0-rc.12": "94848f1bd7a14e6fb97a5de4176035a17e663ec275a2a1ed2bd05fac34f78587",
    "https://esm.sh/v120/boolbase@1.0.0/deno/boolbase.mjs": "7efc4e8c8c06e1ce99c8abc368a94734f20ab982d1942b1da5ec5276c379e0ef",
    "https://esm.sh/v120/cheerio-select@2.1.0/deno/cheerio-select.mjs": "c703e6f6eabbdb5bbf2d1995583c2c5a6554c0d238cc7736c4745fc8ad3ddd70",
    "https://esm.sh/v120/cheerio-select@2.1.0/lib/index.d.ts": "c31861b877f9c4411788f42d6dccd25aca632103de5d3ab1a834ca1445f456ae",
    "https://esm.sh/v120/cheerio@1.0.0-rc.12/deno/cheerio.mjs": "9225b8e006dc6b97dfaabadafa03dfb9d577acf5f76ff8e88b299386316e1292",
    "https://esm.sh/v120/cheerio@1.0.0-rc.12/lib/api/attributes.d.ts": "1f70f7017af484871c902e3ee1a60fdb31a90065a1e5e5ee3d378674c35173f3",
    "https://esm.sh/v120/cheerio@1.0.0-rc.12/lib/api/css.d.ts": "6e151c5dbad6e35ee30ea0328d639729c0b24e9faddc53726bc1329d68e452b4",
    "https://esm.sh/v120/cheerio@1.0.0-rc.12/lib/api/forms.d.ts": "6cd3960bd5164679a31bb13223fc40dbb00c3d84ad43836e7b454d3301f7521d",
    "https://esm.sh/v120/cheerio@1.0.0-rc.12/lib/api/manipulation.d.ts": "f6647cb81f8ff8fa130453c60a78540bbbedc21551d5810887faa20ff89d3d24",
    "https://esm.sh/v120/cheerio@1.0.0-rc.12/lib/api/traversing.d.ts": "d0cc6e47584a9d85175e7eb29fed51ef3e598f16a71b52d865dfbc6349457eed",
    "https://esm.sh/v120/cheerio@1.0.0-rc.12/lib/cheerio.d.ts": "aaaacb5d47c52bf86ec9b13eeaa781faf3419f6f1d00087c70b9e08a4db3c7df",
    "https://esm.sh/v120/cheerio@1.0.0-rc.12/lib/index.d.ts": "a0e3df21e4e4dba8da73451b9cc7a4ed554417b8ffd563ef670ac73a100c5e1b",
    "https://esm.sh/v120/cheerio@1.0.0-rc.12/lib/load.d.ts": "7f83a55843f642defacd0794701015d09580468cef8ad2a728685e4fd7be0889",
    "https://esm.sh/v120/cheerio@1.0.0-rc.12/lib/options.d.ts": "bea30a7809d30eb4fa867efe56f83757a59dc7212c35f6d11be006997e351e9d",
    "https://esm.sh/v120/cheerio@1.0.0-rc.12/lib/static.d.ts": "1bc585053cfabc4890eda313dd8b76f6165cb112a99a3ef659a1b4c0f6ca9a90",
    "https://esm.sh/v120/cheerio@1.0.0-rc.12/lib/types.d.ts": "e65c9457c73355cee0f2d6a0d896b061d7a67b544d02fecd1cfed88b6a1d6910",
    "https://esm.sh/v120/css-select@5.1.0/deno/css-select.mjs": "3135060aa9b9dd6259035ce64a57c5c78125f62108ed66194a5336c980e23719",
    "https://esm.sh/v120/css-select@5.1.0/lib/index.d.ts": "0969a9d49faf7f0a27990eca170f0e4be01cdbacae87cfc23463e85bb2514300",
    "https://esm.sh/v120/css-select@5.1.0/lib/pseudo-selectors/aliases.d.ts": "22cfc60f2b8fcaf300f1bcc8f53b97bd9fbefd5da9f298979709ceaa04e26b45",
    "https://esm.sh/v120/css-select@5.1.0/lib/pseudo-selectors/filters.d.ts": "a16a447cc2feb1b687f577635d06eb13d4da54cd822c6a29497ff699b4fce7b8",
    "https://esm.sh/v120/css-select@5.1.0/lib/pseudo-selectors/index.d.ts": "d8a9ad9af7aace54398decbac329e40d1181154ffc7703840bd61c7d47265edc",
    "https://esm.sh/v120/css-select@5.1.0/lib/pseudo-selectors/pseudos.d.ts": "e75a3577f63ecc2a72d88eb22ad5aa6ecd749f5b66386db25fcc9f96f3a75455",
    "https://esm.sh/v120/css-select@5.1.0/lib/types.d.ts": "3ccc373cc264d6cbeda55d284d731b251314cbd7e411aac2487eaa430ebfe225",
    "https://esm.sh/v120/css-what@6.1.0/deno/css-what.mjs": "dee006a96b6dc1619d8e1a99f88a529b65bf6ba5e30d48738486a638f0846fa9",
    "https://esm.sh/v120/css-what@6.1.0/lib/es/index.d.ts": "dd85117592208130bfbcff4bf22b517783bcce8fc8521a5881783d33701e1f8a",
    "https://esm.sh/v120/css-what@6.1.0/lib/es/parse.d.ts": "0f32c1fca455670db2f6fac2b04e5a05b7b73ad2eae781d1fafb64d24dc65c64",
    "https://esm.sh/v120/css-what@6.1.0/lib/es/stringify.d.ts": "ff26d3761151ef55a86489fc64aea60dedbab92e37321a4c7e7fe91785535209",
    "https://esm.sh/v120/css-what@6.1.0/lib/es/types.d.ts": "65e53618d67a1da2db60d5a47ac408e642468faa6b179935d528b9d43a760177",
    "https://esm.sh/v120/dom-serializer@2.0.0/deno/dom-serializer.mjs": "af6bdc08abe3edbe6d22374a34f559c47d6ad3026d336867470d54cf23cba0d2",
    "https://esm.sh/v120/dom-serializer@2.0.0/lib/index.d.ts": "383c23ae28826362b76abe65a7f78513f17af997e90946f2ebb1e195a756844a",
    "https://esm.sh/v120/domelementtype@2.3.0/deno/domelementtype.mjs": "b40d71fdede5ef6effa4225404f08e10f3ba4d08e6e8ab25c05c53418b412420",
    "https://esm.sh/v120/domelementtype@2.3.0/lib/index.d.ts": "e307d69c2e131e39db6038b4bd51916c6cd787e01d730ad0c28c60491d0accf2",
    "https://esm.sh/v120/domhandler@5.0.3/deno/domhandler.mjs": "1c0779efcdb93167bee50e00254dd0c70a1166dfc28b4e9dc19d0a6413e6987c",
    "https://esm.sh/v120/domhandler@5.0.3/lib/index.d.ts": "587a74d5be3d1ff7904170380e0a40e69ca29c3186e88c9f360462a920051348",
    "https://esm.sh/v120/domhandler@5.0.3/lib/node.d.ts": "913fb2ea43ea6661d1baa1a20dc4536e1761e3603d90002c18fc7b54aba1d15d",
    "https://esm.sh/v120/domutils@3.1.0/deno/domutils.mjs": "16d1f0f3c26c720c99146d978faa2fe15f61e13a9e0939630ee41212fc5faebd",
    "https://esm.sh/v120/domutils@3.1.0/lib/feeds.d.ts": "afc1550309667000d65550f82dff55094082fccfa7e165fa9a7e861a3d090b0f",
    "https://esm.sh/v120/domutils@3.1.0/lib/helpers.d.ts": "ac8ae6afcf40b2864ff8c6f53dc52af043218ce0c6cd16b38e91c4eadbf5f1ed",
    "https://esm.sh/v120/domutils@3.1.0/lib/index.d.ts": "32554c2a31861962598e848f159c7dfb1b58b8f36f5d5e0f7577d2e3a50f9223",
    "https://esm.sh/v120/domutils@3.1.0/lib/legacy.d.ts": "dd1d94ef333d508a7514a5f3858c462edf42a405673f7585784a95936d0666b7",
    "https://esm.sh/v120/domutils@3.1.0/lib/manipulation.d.ts": "9bbf91e7f443f9731b8b4d5b561eccb4e757960939e1f88a855a85ae823645bf",
    "https://esm.sh/v120/domutils@3.1.0/lib/querying.d.ts": "909412eb2cc592099e865debfa1e3cd69c2e09d0ead24d6d269d07b15f76f8d6",
    "https://esm.sh/v120/domutils@3.1.0/lib/stringify.d.ts": "ab4890600690cdfbde5a9edaca7b6620747192d3d75bc4cb34826077e5cc2a1c",
    "https://esm.sh/v120/domutils@3.1.0/lib/traversal.d.ts": "38e89397204fc59247fba1e40d7f64cf364b6cdda5eb11d2d66cdb99d054569f",
    "https://esm.sh/v120/entities@4.5.0/deno/entities.mjs": "819ecb0ee7d9c6c22b1366a291cb8eb6863a4d6daefe85308bdcaa22846057c6",
    "https://esm.sh/v120/entities@4.5.0/deno/lib/decode.js": "4f563ba8bab4cfa580a153702f053be3c6c9428e9ee7406f3b30b0f9f0e3533a",
    "https://esm.sh/v120/entities@4.5.0/deno/lib/escape.js": "344fbadbb8685fd11c5f100ab406d9e4ffe7abaf83598e53c94af7ad7ceda5f7",
    "https://esm.sh/v120/htmlparser2@8.0.2/deno/htmlparser2.mjs": "a66d98a3e737e4bdfeb1c42073f6da83d4b322bb0acc624592ef850b457a1193",
    "https://esm.sh/v120/htmlparser2@8.0.2/lib/Parser.d.ts": "ff328f0ef96fee84f88ee254e18a235bdfe4a2dfac0f4d2dc754744bd69bca54",
    "https://esm.sh/v120/htmlparser2@8.0.2/lib/Tokenizer.d.ts": "41787f4904cb436cf92cba22f574829aeb7a527138e1dd228a2084e796c11bb8",
    "https://esm.sh/v120/htmlparser2@8.0.2/lib/index.d.ts": "c564f53b5459df196d1bdeded0d9d750a74c6f64d6d1ce20ea579bcc858b3846",
    "https://esm.sh/v120/node.ns.d.ts": "0fb081f0cd2150931bd54baa04f31466abd9ca701fd9060d07931402cf8367ba",
    "https://esm.sh/v120/nth-check@2.1.1/deno/nth-check.mjs": "1243fbd525723d4d5079e8f4c026d82b6b5498e68f2ae6b15692ecda323fe77b",
    "https://esm.sh/v120/parse5-htmlparser2-tree-adapter@7.0.0/deno/parse5-htmlparser2-tree-adapter.mjs": "a7cefc65ae588008d21d3409adc3795fca59f0758fe49bf97849141097e514fb",
    "https://esm.sh/v120/parse5@7.1.2/deno/parse5.mjs": "769869d8a5f1fb84c7a81c7cb86633180c8dc6e0836fdd454a40a480e678ae0f"
  }
}
